
Microsoft Visual Studio Solution File, Format Version 12.00
# Visual Studio Version 17
VisualStudioVersion = 17.3.32901.215
MinimumVisualStudioVersion = 10.0.40219.1
Project("{FAE04EC0-301F-11D3-BF4B-00C04F79EFBC}") = "Conexão Educacional", "Conexão Educacional\Conexão Educacional.csproj", "{39B624FF-CA1A-410F-A45B-9AC7051F3A30}"
EndProject
Global
	GlobalSection(SolutionConfigurationPlatforms) = preSolution
		Debug|Any CPU = Debug|Any CPU
		Release|Any CPU = Release|Any CPU
	EndGlobalSection
	GlobalSection(ProjectConfigurationPlatforms) = postSolution
		{39B624FF-CA1A-410F-A45B-9AC7051F3A30}.Debug|Any CPU.ActiveCfg = Debug|Any CPU
		{39B624FF-CA1A-410F-A45B-9AC7051F3A30}.Debug|Any CPU.Build.0 = Debug|Any CPU
		{39B624FF-CA1A-410F-A45B-9AC7051F3A30}.Release|Any CPU.ActiveCfg = Release|Any CPU
		{39B624FF-CA1A-410F-A45B-9AC7051F3A30}.Release|Any CPU.Build.0 = Release|Any CPU
	EndGlobalSection
	GlobalSection(SolutionProperties) = preSolution
		HideSolutionNode = FALSE
	EndGlobalSection
	GlobalSection(ExtensibilityGlobals) = postSolution
		SolutionGuid = {0FF147DC-1A87-4CB5-AA07-608A286AE95B}
	EndGlobalSection
EndGlobal
